# THIS IS AN AUTOGENERATED FILE. DO NOT EDIT THIS FILE DIRECTLY.
# yarn lockfile v1


"@babel/runtime@^7.2.0", "@babel/runtime@^7.3.1":
  version "7.5.5"
  resolved "https://registry.yarnpkg.com/@babel/runtime/-/runtime-7.5.5.tgz#74fba56d35efbeca444091c7850ccd494fd2f132"
  integrity sha512-28QvEGyQyNkB0/m2B4FU7IEZGK2NUrcMtT6BZEFALTguLk+AUT6ofsHtPk5QyjAdUkpMJ+/Em+quwz4HOt30AQ==
  dependencies:
    regenerator-runtime "^0.13.2"

"@babel/runtime@^7.4.4", "@babel/runtime@^7.5.5", "@babel/runtime@^7.6.2":
  version "7.6.3"
  resolved "https://registry.yarnpkg.com/@babel/runtime/-/runtime-7.6.3.tgz#935122c74c73d2240cafd32ddb5fc2a6cd35cf1f"
  integrity sha512-kq6anf9JGjW8Nt5rYfEuGRaEAaH1mkv3Bbu6rYvLOpPh/RusSJXuKPEAoZ7L7gybZkchE8+NV5g9vKF4AGAtsA==
  dependencies:
    regenerator-runtime "^0.13.2"

"@emotion/hash@^0.7.1":
  version "0.7.2"
  resolved "https://registry.yarnpkg.com/@emotion/hash/-/hash-0.7.2.tgz#53211e564604beb9befa7a4400ebf8147473eeef"
  integrity sha512-RMtr1i6E8MXaBWwhXL3yeOU8JXRnz8GNxHvaUfVvwxokvayUY0zoBeWbKw1S9XkufmGEEdQd228pSZXFkAln8Q==

"@material-ui/core@^4.5.0":
  version "4.5.0"
  resolved "https://registry.yarnpkg.com/@material-ui/core/-/core-4.5.0.tgz#7e57cc40988c71b6340e3b2569b47dbac1820351"
  integrity sha512-UHVAjU+1uDtA+OMBNBHb4RlCZOu514XeYPafNJv+GTdXBDr1SCPK7yqRE6TV1/bulxlDusTgu5Q6BAUgpmO4MA==
  dependencies:
    "@babel/runtime" "^7.4.4"
    "@material-ui/styles" "^4.5.0"
    "@material-ui/system" "^4.5.0"
    "@material-ui/types" "^4.1.1"
    "@material-ui/utils" "^4.4.0"
    "@types/react-transition-group" "^4.2.0"
    clsx "^1.0.2"
    convert-css-length "^2.0.1"
    deepmerge "^4.0.0"
    hoist-non-react-statics "^3.2.1"
    is-plain-object "^3.0.0"
    normalize-scroll-left "^0.2.0"
    popper.js "^1.14.1"
    prop-types "^15.7.2"
    react-transition-group "^4.3.0"

"@material-ui/icons@^4.4.0":
  version "4.4.3"
  resolved "https://registry.yarnpkg.com/@material-ui/icons/-/icons-4.4.3.tgz#5d4346ddbb2673a1b57ebc78fd6d50bcd88711db"
  integrity sha512-HVVvUyc/78kmaBd93LkfWyGkXMM+zOMKzUfulWXxaV/fFAZ3N0pD0oHjWUd94zrOoF3tZP9JC7EPlIpIcZSNow==
  dependencies:
    "@babel/runtime" "^7.4.4"

"@material-ui/styles@^4.5.0":
  version "4.5.0"
  resolved "https://registry.yarnpkg.com/@material-ui/styles/-/styles-4.5.0.tgz#4e591b8d44c7ecce318634bd8ac652499b6c277a"
  integrity sha512-O0NSAECHK9f3DZK6wy56PZzp8b/7KSdfpJs8DSC7vnXUAoMPCTtchBKLzMtUsNlijiJFeJjSxNdQfjWXgyur5A==
  dependencies:
    "@babel/runtime" "^7.4.4"
    "@emotion/hash" "^0.7.1"
    "@material-ui/types" "^4.1.1"
    "@material-ui/utils" "^4.1.0"
    clsx "^1.0.2"
    csstype "^2.5.2"
    deepmerge "^4.0.0"
    hoist-non-react-statics "^3.2.1"
    jss "^10.0.0"
    jss-plugin-camel-case "^10.0.0"
    jss-plugin-default-unit "^10.0.0"
    jss-plugin-global "^10.0.0"
    jss-plugin-nested "^10.0.0"
    jss-plugin-props-sort "^10.0.0"
    jss-plugin-rule-value-function "^10.0.0"
    jss-plugin-vendor-prefixer "^10.0.0"
    prop-types "^15.7.2"

"@material-ui/system@^4.5.0":
  version "4.5.0"
  resolved "https://registry.yarnpkg.com/@material-ui/system/-/system-4.5.0.tgz#3235f5d7da8b8af4df425e4f065990c16dee8097"
  integrity sha512-vR0PbMTzLnuuVCoYNQ13zyhLa/4s/UA9P9JbNuHBOOkfrHn53ShINiG0v05EgfwizfULLtc7mNvsGAgIyyp/hQ==
  dependencies:
    "@babel/runtime" "^7.4.4"
    deepmerge "^4.0.0"
    prop-types "^15.7.2"

"@material-ui/types@^4.1.1":
  version "4.1.1"
  resolved "https://registry.yarnpkg.com/@material-ui/types/-/types-4.1.1.tgz#b65e002d926089970a3271213a3ad7a21b17f02b"
  integrity sha512-AN+GZNXytX9yxGi0JOfxHrRTbhFybjUJ05rnsBVjcB+16e466Z0Xe5IxawuOayVZgTBNDxmPKo5j4V6OnMtaSQ==
  dependencies:
    "@types/react" "*"

"@material-ui/utils@^4.1.0":
  version "4.1.0"
  resolved "https://registry.yarnpkg.com/@material-ui/utils/-/utils-4.1.0.tgz#45fd6698db49f3528fe45c922c496235021d76ec"
  integrity sha512-muwmVU799tzPjzb+Q5E/CTDle0rXwkCAdvMVyU0BfbJhenkUsFmuYiCmbvMVOU1m6F1S5HWfXz8EP4pXwwAvrw==
  dependencies:
    "@babel/runtime" "^7.2.0"
    prop-types "^15.7.2"
    react-is "^16.8.0"

"@material-ui/utils@^4.4.0":
  version "4.4.0"
  resolved "https://registry.yarnpkg.com/@material-ui/utils/-/utils-4.4.0.tgz#9275421e2798a067850d201212d46f12725828ad"
  integrity sha512-UXoQVwArQEQWXxf2FPs0iJGT+MePQpKr0Qh0CPoLc1OdF0GSMTmQczcqCzwZkeHxHAOq/NkIKM1Pb/ih1Avicg==
  dependencies:
    "@babel/runtime" "^7.4.4"
    prop-types "^15.7.2"
    react-is "^16.8.6"

"@types/prop-types@*":
  version "15.5.6"
  resolved "https://registry.yarnpkg.com/@types/prop-types/-/prop-types-15.5.6.tgz#9c03d3fed70a8d517c191b7734da2879b50ca26c"

"@types/react-transition-group@^4.2.0":
  version "4.2.3"
  resolved "https://registry.yarnpkg.com/@types/react-transition-group/-/react-transition-group-4.2.3.tgz#4924133f7268694058e415bf7aea2d4c21131470"
  integrity sha512-Hk8jiuT7iLOHrcjKP/ZVSyCNXK73wJAUz60xm0mVhiRujrdiI++j4duLiL282VGxwAgxetHQFfqA29LgEeSkFA==
  dependencies:
    "@types/react" "*"

"@types/react@*":
  version "16.4.18"
  resolved "https://registry.yarnpkg.com/@types/react/-/react-16.4.18.tgz#2e28a2e7f92d3fa7d6a65f2b73275c3e3138a13d"
  dependencies:
    "@types/prop-types" "*"
    csstype "^2.2.0"

"@types/react@^16.8":
  version "16.9.4"
  resolved "https://registry.yarnpkg.com/@types/react/-/react-16.9.4.tgz#de8cf5e5e2838659fb78fa93181078469eeb19fc"
  integrity sha512-ItGNmJvQ0IvWt8rbk5PLdpdQhvBVxAaXI9hDlx7UMd8Ie1iMIuwMNiKeTfmVN517CdplpyXvA22X4zm4jGGZnw==
  dependencies:
    "@types/prop-types" "*"
    csstype "^2.2.0"

clsx@^1.0.2:
  version "1.0.4"
  resolved "https://registry.yarnpkg.com/clsx/-/clsx-1.0.4.tgz#0c0171f6d5cb2fe83848463c15fcc26b4df8c2ec"
  integrity sha512-1mQ557MIZTrL/140j+JVdRM6e31/OA4vTYxXgqIIZlndyfjHpyawKZia1Im05Vp9BWmImkcNrNtFYQMyFcgJDg==

convert-css-length@^2.0.1:
  version "2.0.1"
  resolved "https://registry.yarnpkg.com/convert-css-length/-/convert-css-length-2.0.1.tgz#90a76bde5bfd24d72881a5b45d02249b2c1d257c"
  integrity sha512-iGpbcvhLPRKUbBc0Quxx7w/bV14AC3ItuBEGMahA5WTYqB8lq9jH0kTXFheCBASsYnqeMFZhiTruNxr1N59Axg==

css-vendor@^2.0.6:
  version "2.0.7"
  resolved "https://registry.yarnpkg.com/css-vendor/-/css-vendor-2.0.7.tgz#4e6d53d953c187981576d6a542acc9fb57174bda"
  integrity sha512-VS9Rjt79+p7M0WkPqcAza4Yq1ZHrsHrwf7hPL/bjQB+c1lwmAI+1FXxYTYt818D/50fFVflw0XKleiBN5RITkg==
  dependencies:
    "@babel/runtime" "^7.6.2"
    is-in-browser "^1.0.2"

csstype@^2.2.0, csstype@^2.5.2:
  version "2.5.7"
  resolved "https://registry.yarnpkg.com/csstype/-/csstype-2.5.7.tgz#bf9235d5872141eccfb2d16d82993c6b149179ff"

csstype@^2.6.5, csstype@^2.6.6:
  version "2.6.7"
  resolved "https://registry.yarnpkg.com/csstype/-/csstype-2.6.7.tgz#20b0024c20b6718f4eda3853a1f5a1cce7f5e4a5"
  integrity sha512-9Mcn9sFbGBAdmimWb2gLVDtFJzeKtDGIr76TUqmjZrw9LFXBMSU70lcs+C0/7fyCd6iBDqmksUcCOUIkisPHsQ==

deepmerge@^4.0.0:
  version "4.0.0"
  resolved "https://registry.yarnpkg.com/deepmerge/-/deepmerge-4.0.0.tgz#3e3110ca29205f120d7cb064960a39c3d2087c09"
  integrity sha512-YZ1rOP5+kHor4hMAH+HRQnBQHg+wvS1un1hAOuIcxcBy0hzcUf6Jg2a1w65kpoOUnurOfZbERwjI1TfZxNjcww==

dom-helpers@^5.0.1:
  version "5.1.0"
  resolved "https://registry.yarnpkg.com/dom-helpers/-/dom-helpers-5.1.0.tgz#57a726de04abcc2a8bbfe664b3e21c584bde514e"
  integrity sha512-zRRYDhpiKuAJHasOqCm7lBnsd22nrM4+OYI4ASWCxen+ocTMl7BIAKgGag97TlLiTl6rrau5aPe1VGUm9jQBng==
  dependencies:
    "@babel/runtime" "^7.5.5"
    csstype "^2.6.6"

hoist-non-react-statics@^3.2.1:
  version "3.3.0"
  resolved "https://registry.yarnpkg.com/hoist-non-react-statics/-/hoist-non-react-statics-3.3.0.tgz#b09178f0122184fb95acf525daaecb4d8f45958b"
  integrity sha512-0XsbTXxgiaCDYDIWFcwkmerZPSwywfUqYmwT4jzewKTQSWoE6FCMoUVOeBJWK3E/CrWbxRG3m5GzY4lnIwGRBA==
  dependencies:
    react-is "^16.7.0"

hyphenate-style-name@^1.0.3:
  version "1.0.3"
  resolved "https://registry.yarnpkg.com/hyphenate-style-name/-/hyphenate-style-name-1.0.3.tgz#097bb7fa0b8f1a9cf0bd5c734cf95899981a9b48"
  integrity sha512-EcuixamT82oplpoJ2XU4pDtKGWQ7b00CD9f1ug9IaQ3p1bkHMiKCZ9ut9QDI6qsa6cpUuB+A/I+zLtdNK4n2DQ==

is-in-browser@^1.0.2, is-in-browser@^1.1.3:
  version "1.1.3"
  resolved "https://registry.yarnpkg.com/is-in-browser/-/is-in-browser-1.1.3.tgz#56ff4db683a078c6082eb95dad7dc62e1d04f835"

is-plain-object@^3.0.0:
  version "3.0.0"
  resolved "https://registry.yarnpkg.com/is-plain-object/-/is-plain-object-3.0.0.tgz#47bfc5da1b5d50d64110806c199359482e75a928"
  integrity sha512-tZIpofR+P05k8Aocp7UI/2UTa9lTJSebCXpFFoR9aibpokDj/uXBsJ8luUu0tTVYKkMU6URDUuOfJZ7koewXvg==
  dependencies:
    isobject "^4.0.0"

isobject@^4.0.0:
  version "4.0.0"
  resolved "https://registry.yarnpkg.com/isobject/-/isobject-4.0.0.tgz#3f1c9155e73b192022a80819bacd0343711697b0"
  integrity sha512-S/2fF5wH8SJA/kmwr6HYhK/RI/OkhD84k8ntalo0iJjZikgq1XFvR5M8NPT1x5F7fBwCG3qHfnzeP/Vh/ZxCUA==

"js-tokens@^3.0.0 || ^4.0.0":
  version "4.0.0"
  resolved "https://registry.yarnpkg.com/js-tokens/-/js-tokens-4.0.0.tgz#19203fb59991df98e3a287050d4647cdeaf32499"

jss-plugin-camel-case@^10.0.0:
  version "10.0.0"
  resolved "https://registry.yarnpkg.com/jss-plugin-camel-case/-/jss-plugin-camel-case-10.0.0.tgz#d601bae2e8e2041cc526add289dcd7062db0a248"
  integrity sha512-yALDL00+pPR4FJh+k07A8FeDvfoPPuXU48HLy63enAubcVd3DnS+2rgqPXglHDGixIDVkCSXecl/l5GAMjzIbA==
  dependencies:
    "@babel/runtime" "^7.3.1"
    hyphenate-style-name "^1.0.3"
    jss "10.0.0"

jss-plugin-default-unit@^10.0.0:
  version "10.0.0"
  resolved "https://registry.yarnpkg.com/jss-plugin-default-unit/-/jss-plugin-default-unit-10.0.0.tgz#601caf5f576fc0c66986fbe8a9aa37307a3a3ea3"
  integrity sha512-sURozIOdCtGg9ap18erQ+ijndAfEGtTaetxfU3H4qwC18Bi+fdvjlY/ahKbuu0ASs7R/+WKCP7UaRZOjUDMcdQ==
  dependencies:
    "@babel/runtime" "^7.3.1"
    jss "10.0.0"

jss-plugin-global@^10.0.0:
  version "10.0.0"
  resolved "https://registry.yarnpkg.com/jss-plugin-global/-/jss-plugin-global-10.0.0.tgz#0fed1b6461e0d57d6e394f877529009bc1cb3cb6"
  integrity sha512-80ofWKSQUo62bxLtRoTNe0kFPtHgUbAJeOeR36WEGgWIBEsXLyXOnD5KNnjPqG4heuEkz9eSLccjYST50JnI7Q==
  dependencies:
    "@babel/runtime" "^7.3.1"
    jss "10.0.0"

jss-plugin-nested@^10.0.0:
  version "10.0.0"
  resolved "https://registry.yarnpkg.com/jss-plugin-nested/-/jss-plugin-nested-10.0.0.tgz#d37ecc013c3b0d0e4acc2b48f6b62da6ae53948b"
  integrity sha512-waxxwl/po1hN3azTyixKnr8ReEqUv5WK7WsO+5AWB0bFndML5Yqnt8ARZ90HEg8/P6WlqE/AB2413TkCRZE8bA==
  dependencies:
    "@babel/runtime" "^7.3.1"
    jss "10.0.0"
    tiny-warning "^1.0.2"

jss-plugin-props-sort@^10.0.0:
  version "10.0.0"
  resolved "https://registry.yarnpkg.com/jss-plugin-props-sort/-/jss-plugin-props-sort-10.0.0.tgz#38a13407384c2a4a7c026659488350669b953b18"
  integrity sha512-41mf22CImjwNdtOG3r+cdC8+RhwNm616sjHx5YlqTwtSJLyLFinbQC/a4PIFk8xqf1qpFH1kEAIw+yx9HaqZ3g==
  dependencies:
    "@babel/runtime" "^7.3.1"
    jss "10.0.0"

jss-plugin-rule-value-function@^10.0.0:
  version "10.0.0"
  resolved "https://registry.yarnpkg.com/jss-plugin-rule-value-function/-/jss-plugin-rule-value-function-10.0.0.tgz#3ec1b781b7c86080136dbef6c36e91f20244b72e"
  integrity sha512-Jw+BZ8JIw1f12V0SERqGlBT1JEPWax3vuZpMym54NAXpPb7R1LYHiCTIlaJUyqvIfEy3kiHMtgI+r2whGgRIxQ==
  dependencies:
    "@babel/runtime" "^7.3.1"
    jss "10.0.0"

jss-plugin-vendor-prefixer@^10.0.0:
  version "10.0.0"
  resolved "https://registry.yarnpkg.com/jss-plugin-vendor-prefixer/-/jss-plugin-vendor-prefixer-10.0.0.tgz#400280535b0f483a9c78105afe4eee61b70018eb"
  integrity sha512-qslqvL0MUbWuzXJWdUxpj6mdNUX8jr4FFTo3aZnAT65nmzWL7g8oTr9ZxmTXXgdp7ANhS1QWE7036/Q2isFBpw==
  dependencies:
    "@babel/runtime" "^7.3.1"
    css-vendor "^2.0.6"
    jss "10.0.0"

jss@10.0.0, jss@^10.0.0:
  version "10.0.0"
  resolved "https://registry.yarnpkg.com/jss/-/jss-10.0.0.tgz#998d5026c02accae15708de83bd6ba57bac977d2"
  integrity sha512-TPpDFsiBjuERiL+dFDq8QCdiF9oDasPcNqCKLGCo/qED3fNYOQ8PX2lZhknyTiAt3tZrfOFbb0lbQ9lTjPZxsQ==
  dependencies:
    "@babel/runtime" "^7.3.1"
    csstype "^2.6.5"
    is-in-browser "^1.1.3"
    tiny-warning "^1.0.2"

loose-envify@^1.3.1, loose-envify@^1.4.0:
  version "1.4.0"
  resolved "https://registry.yarnpkg.com/loose-envify/-/loose-envify-1.4.0.tgz#71ee51fa7be4caec1a63839f7e682d8132d30caf"
  dependencies:
    js-tokens "^3.0.0 || ^4.0.0"

naming-style@^1.0.0:
  version "1.0.0"
  resolved "https://registry.yarnpkg.com/naming-style/-/naming-style-1.0.0.tgz#0b0299b9a5122c61c971461d435f16fddb9ecd3d"

normalize-scroll-left@^0.2.0:
  version "0.2.0"
  resolved "https://registry.yarnpkg.com/normalize-scroll-left/-/normalize-scroll-left-0.2.0.tgz#9445d74275f303cc661e113329aefa492f58114c"
  integrity sha512-t5oCENZJl8TGusJKoCJm7+asaSsPuNmK6+iEjrZ5TyBj2f02brCRsd4c83hwtu+e5d4LCSBZ0uoDlMjBo+A8yA==

object-assign@^4.1.1:
  version "4.1.1"
  resolved "https://registry.yarnpkg.com/object-assign/-/object-assign-4.1.1.tgz#2109adc7965887cfc05cbbd442cac8bfbb360863"

popper.js@^1.14.1:
  version "1.14.4"
  resolved "https://registry.yarnpkg.com/popper.js/-/popper.js-1.14.4.tgz#8eec1d8ff02a5a3a152dd43414a15c7b79fd69b6"

prop-types@^15.6.2:
  version "15.6.2"
  resolved "https://registry.yarnpkg.com/prop-types/-/prop-types-15.6.2.tgz#05d5ca77b4453e985d60fc7ff8c859094a497102"
  dependencies:
    loose-envify "^1.3.1"
    object-assign "^4.1.1"

prop-types@^15.7.2:
  version "15.7.2"
  resolved "https://registry.yarnpkg.com/prop-types/-/prop-types-15.7.2.tgz#52c41e75b8c87e72b9d9360e0206b99dcbffa6c5"
  integrity sha512-8QQikdH7//R2vurIJSutZ1smHYTcLpRWEOlHnzcWHmBYrOGUysKwSsrC89BCiFj3CbrfJ/nXFdJepOVrY1GCHQ==
  dependencies:
    loose-envify "^1.4.0"
    object-assign "^4.1.1"
    react-is "^16.8.1"

react-is@^16.7.0, react-is@^16.8.0, react-is@^16.8.1:
  version "16.8.6"
  resolved "https://registry.yarnpkg.com/react-is/-/react-is-16.8.6.tgz#5bbc1e2d29141c9fbdfed456343fe2bc430a6a16"
  integrity sha512-aUk3bHfZ2bRSVFFbbeVS4i+lNPZr3/WM5jT2J5omUVV1zzcs1nAaf3l51ctA5FFvCRbhrH0bdAsRRQddFJZPtA==

react-is@^16.8.6:
  version "16.10.2"
  resolved "https://registry.yarnpkg.com/react-is/-/react-is-16.10.2.tgz#984120fd4d16800e9a738208ab1fba422d23b5ab"
  integrity sha512-INBT1QEgtcCCgvccr5/86CfD71fw9EPmDxgiJX4I2Ddr6ZsV6iFXsuby+qWJPtmNuMY0zByTsG4468P7nHuNWA==

react-transition-group@^4.3.0:
  version "4.3.0"
  resolved "https://registry.yarnpkg.com/react-transition-group/-/react-transition-group-4.3.0.tgz#fea832e386cf8796c58b61874a3319704f5ce683"
  integrity sha512-1qRV1ZuVSdxPlPf4O8t7inxUGpdyO5zG9IoNfJxSO0ImU2A1YWkEQvFPuIPZmMLkg5hYs7vv5mMOyfgSkvAwvw==
  dependencies:
    "@babel/runtime" "^7.5.5"
    dom-helpers "^5.0.1"
    loose-envify "^1.4.0"
    prop-types "^15.6.2"

regenerator-runtime@^0.13.2:
  version "0.13.3"
  resolved "https://registry.yarnpkg.com/regenerator-runtime/-/regenerator-runtime-0.13.3.tgz#7cf6a77d8f5c6f60eb73c5fc1955b2ceb01e6bf5"
  integrity sha512-naKIZz2GQ8JWh///G7L3X6LaQUAMp2lvb1rvwwsURe/VXwD6VMfr+/1NuNw3ag8v2kY1aQ/go5SNn79O9JU7yw==

tiny-warning@^1.0.2:
  version "1.0.3"
  resolved "https://registry.yarnpkg.com/tiny-warning/-/tiny-warning-1.0.3.tgz#94a30db453df4c643d0fd566060d60a875d84754"
  integrity sha512-lBN9zLN/oAf68o3zNXYrdCt1kP8WsiGW8Oo2ka41b2IM5JL/S1CTyX1rW0mb/zSuJun0ZUrDxx4sqvYS2FWzPA==
