# THIS IS AN AUTOGENERATED FILE. DO NOT EDIT THIS FILE DIRECTLY.
# yarn lockfile v1


"@babel/runtime@^7.3.1", "@babel/runtime@^7.4.4", "@babel/runtime@^7.5.5", "@babel/runtime@^7.6.2", "@babel/runtime@^7.6.3":
  version "7.7.2"
  resolved "https://registry.yarnpkg.com/@babel/runtime/-/runtime-7.7.2.tgz#111a78002a5c25fc8e3361bedc9529c696b85a6a"
  integrity sha512-JONRbXbTXc9WQE2mAZd1p0Z3DZ/6vaQIkgYMSTP3KjRCyd7rCZCcfhCyX+YjwcKxcZ82UrxbRD358bpExNgrjw==
  dependencies:
    regenerator-runtime "^0.13.2"

"@emotion/hash@^0.7.4":
  version "0.7.4"
  resolved "https://registry.yarnpkg.com/@emotion/hash/-/hash-0.7.4.tgz#f14932887422c9056b15a8d222a9074a7dfa2831"
  integrity sha512-fxfMSBMX3tlIbKUdtGKxqB1fyrH6gVrX39Gsv3y8lRYKUqlgDt3UMqQyGnR1bQMa2B8aGnhLZokZgg8vT0Le+A==

"@material-ui/core@^4.9.3":
  version "4.9.3"
  resolved "https://registry.yarnpkg.com/@material-ui/core/-/core-4.9.3.tgz#29ad51f4d36cbc3af7a9db27d92f93fa4fa42d50"
  integrity sha512-EQrhN7XHdCfBCMiCTHmiHSn/H1tj2qCt5W/kSDhr1gaYAtBTTiQ29j2xR1NcHT1siVQqAtgIkPephqbTEgQLwA==
  dependencies:
    "@babel/runtime" "^7.4.4"
    "@material-ui/styles" "^4.9.0"
    "@material-ui/system" "^4.9.3"
    "@material-ui/types" "^5.0.0"
    "@material-ui/utils" "^4.7.1"
    "@types/react-transition-group" "^4.2.0"
    clsx "^1.0.2"
    convert-css-length "^2.0.1"
    hoist-non-react-statics "^3.3.2"
    popper.js "^1.14.1"
    prop-types "^15.7.2"
    react-is "^16.8.0"
    react-transition-group "^4.3.0"

"@material-ui/icons@^4.9.1":
  version "4.9.1"
  resolved "https://registry.yarnpkg.com/@material-ui/icons/-/icons-4.9.1.tgz#fdeadf8cb3d89208945b33dbc50c7c616d0bd665"
  integrity sha512-GBitL3oBWO0hzBhvA9KxqcowRUsA0qzwKkURyC8nppnC3fw54KPKZ+d4V1Eeg/UnDRSzDaI9nGCdel/eh9AQMg==
  dependencies:
    "@babel/runtime" "^7.4.4"

"@material-ui/styles@^4.9.0":
  version "4.9.0"
  resolved "https://registry.yarnpkg.com/@material-ui/styles/-/styles-4.9.0.tgz#10c31859f6868cfa9d3adf6b6c3e32c9d676bc76"
  integrity sha512-nJHum4RqYBPWsjL/9JET8Z02FZ9gSizlg/7LWVFpIthNzpK6OQ5OSRR4T4x9/p+wK3t1qNn3b1uI4XpnZaPxOA==
  dependencies:
    "@babel/runtime" "^7.4.4"
    "@emotion/hash" "^0.7.4"
    "@material-ui/types" "^5.0.0"
    "@material-ui/utils" "^4.7.1"
    clsx "^1.0.2"
    csstype "^2.5.2"
    hoist-non-react-statics "^3.2.1"
    jss "^10.0.3"
    jss-plugin-camel-case "^10.0.3"
    jss-plugin-default-unit "^10.0.3"
    jss-plugin-global "^10.0.3"
    jss-plugin-nested "^10.0.3"
    jss-plugin-props-sort "^10.0.3"
    jss-plugin-rule-value-function "^10.0.3"
    jss-plugin-vendor-prefixer "^10.0.3"
    prop-types "^15.7.2"

"@material-ui/system@^4.9.3":
  version "4.9.3"
  resolved "https://registry.yarnpkg.com/@material-ui/system/-/system-4.9.3.tgz#ee48990d7941237fdaf21b7b399981d614bb0875"
  integrity sha512-DBGsTKYrLlFpHG8BUp0X6ZpvaOzef+GhSwn/8DwVTXUdHitphaPQoL9xucrI8X9MTBo//El+7nylko7lo7eJIw==
  dependencies:
    "@babel/runtime" "^7.4.4"
    "@material-ui/utils" "^4.7.1"
    prop-types "^15.7.2"

"@material-ui/types@^5.0.0":
  version "5.0.0"
  resolved "https://registry.yarnpkg.com/@material-ui/types/-/types-5.0.0.tgz#26d6259dc6b39f4c2e1e9aceff7a11e031941741"
  integrity sha512-UeH2BuKkwDndtMSS0qgx1kCzSMw+ydtj0xx/XbFtxNSTlXydKwzs5gVW5ZKsFlAkwoOOQ9TIsyoCC8hq18tOwg==

"@material-ui/utils@^4.7.1":
  version "4.7.1"
  resolved "https://registry.yarnpkg.com/@material-ui/utils/-/utils-4.7.1.tgz#dc16c7f0d2cd02fbcdd5cfe601fd6863ae3cc652"
  integrity sha512-+ux0SlLdlehvzCk2zdQ3KiS3/ylWvuo/JwAGhvb8dFVvwR21K28z0PU9OQW2PGogrMEdvX3miEI5tGxTwwWiwQ==
  dependencies:
    "@babel/runtime" "^7.4.4"
    prop-types "^15.7.2"
    react-is "^16.8.0"

"@types/prop-types@*":
  version "15.7.0"
  resolved "https://registry.yarnpkg.com/@types/prop-types/-/prop-types-15.7.0.tgz#4c48fed958d6dcf9487195a0ef6456d5f6e0163a"
  integrity sha512-eItQyV43bj4rR3JPV0Skpl1SncRCdziTEK9/v8VwXmV6d/qOUO8/EuWeHBbCZcsfSHfzI5UyMJLCSXtxxznyZg==

"@types/react-transition-group@^4.2.0":
  version "4.2.3"
  resolved "https://registry.yarnpkg.com/@types/react-transition-group/-/react-transition-group-4.2.3.tgz#4924133f7268694058e415bf7aea2d4c21131470"
  integrity sha512-Hk8jiuT7iLOHrcjKP/ZVSyCNXK73wJAUz60xm0mVhiRujrdiI++j4duLiL282VGxwAgxetHQFfqA29LgEeSkFA==
  dependencies:
    "@types/react" "*"

"@types/react@*", "@types/react@^16.8":
  version "16.9.11"
  resolved "https://registry.yarnpkg.com/@types/react/-/react-16.9.11.tgz#70e0b7ad79058a7842f25ccf2999807076ada120"
  integrity sha512-UBT4GZ3PokTXSWmdgC/GeCGEJXE5ofWyibCcecRLUVN2ZBpXQGVgQGtG2foS7CrTKFKlQVVswLvf7Js6XA/CVQ==
  dependencies:
    "@types/prop-types" "*"
    csstype "^2.2.0"

clsx@^1.0.2:
  version "1.0.4"
  resolved "https://registry.yarnpkg.com/clsx/-/clsx-1.0.4.tgz#0c0171f6d5cb2fe83848463c15fcc26b4df8c2ec"
  integrity sha512-1mQ557MIZTrL/140j+JVdRM6e31/OA4vTYxXgqIIZlndyfjHpyawKZia1Im05Vp9BWmImkcNrNtFYQMyFcgJDg==

convert-css-length@^2.0.1:
  version "2.0.1"
  resolved "https://registry.yarnpkg.com/convert-css-length/-/convert-css-length-2.0.1.tgz#90a76bde5bfd24d72881a5b45d02249b2c1d257c"
  integrity sha512-iGpbcvhLPRKUbBc0Quxx7w/bV14AC3ItuBEGMahA5WTYqB8lq9jH0kTXFheCBASsYnqeMFZhiTruNxr1N59Axg==

css-vendor@^2.0.7:
  version "2.0.7"
  resolved "https://registry.yarnpkg.com/css-vendor/-/css-vendor-2.0.7.tgz#4e6d53d953c187981576d6a542acc9fb57174bda"
  integrity sha512-VS9Rjt79+p7M0WkPqcAza4Yq1ZHrsHrwf7hPL/bjQB+c1lwmAI+1FXxYTYt818D/50fFVflw0XKleiBN5RITkg==
  dependencies:
    "@babel/runtime" "^7.6.2"
    is-in-browser "^1.0.2"

csstype@^2.2.0, csstype@^2.5.2, csstype@^2.6.5, csstype@^2.6.7:
  version "2.6.7"
  resolved "https://registry.yarnpkg.com/csstype/-/csstype-2.6.7.tgz#20b0024c20b6718f4eda3853a1f5a1cce7f5e4a5"
  integrity sha512-9Mcn9sFbGBAdmimWb2gLVDtFJzeKtDGIr76TUqmjZrw9LFXBMSU70lcs+C0/7fyCd6iBDqmksUcCOUIkisPHsQ==

dom-helpers@^5.0.1:
  version "5.1.3"
  resolved "https://registry.yarnpkg.com/dom-helpers/-/dom-helpers-5.1.3.tgz#7233248eb3a2d1f74aafca31e52c5299cc8ce821"
  integrity sha512-nZD1OtwfWGRBWlpANxacBEZrEuLa16o1nh7YopFWeoF68Zt8GGEmzHu6Xv4F3XaFIC+YXtTLrzgqKxFgLEe4jw==
  dependencies:
    "@babel/runtime" "^7.6.3"
    csstype "^2.6.7"

hoist-non-react-statics@^3.2.1:
  version "3.3.0"
  resolved "https://registry.yarnpkg.com/hoist-non-react-statics/-/hoist-non-react-statics-3.3.0.tgz#b09178f0122184fb95acf525daaecb4d8f45958b"
  integrity sha512-0XsbTXxgiaCDYDIWFcwkmerZPSwywfUqYmwT4jzewKTQSWoE6FCMoUVOeBJWK3E/CrWbxRG3m5GzY4lnIwGRBA==
  dependencies:
    react-is "^16.7.0"

hoist-non-react-statics@^3.3.2:
  version "3.3.2"
  resolved "https://registry.yarnpkg.com/hoist-non-react-statics/-/hoist-non-react-statics-3.3.2.tgz#ece0acaf71d62c2969c2ec59feff42a4b1a85b45"
  integrity sha512-/gGivxi8JPKWNm/W0jSmzcMPpfpPLc3dY/6GxhX2hQ9iGj3aDfklV4ET7NjKpSinLpJ5vafa9iiGIEZg10SfBw==
  dependencies:
    react-is "^16.7.0"

hyphenate-style-name@^1.0.3:
  version "1.0.3"
  resolved "https://registry.yarnpkg.com/hyphenate-style-name/-/hyphenate-style-name-1.0.3.tgz#097bb7fa0b8f1a9cf0bd5c734cf95899981a9b48"
  integrity sha512-EcuixamT82oplpoJ2XU4pDtKGWQ7b00CD9f1ug9IaQ3p1bkHMiKCZ9ut9QDI6qsa6cpUuB+A/I+zLtdNK4n2DQ==

is-in-browser@^1.0.2, is-in-browser@^1.1.3:
  version "1.1.3"
  resolved "https://registry.yarnpkg.com/is-in-browser/-/is-in-browser-1.1.3.tgz#56ff4db683a078c6082eb95dad7dc62e1d04f835"

"js-tokens@^3.0.0 || ^4.0.0":
  version "4.0.0"
  resolved "https://registry.yarnpkg.com/js-tokens/-/js-tokens-4.0.0.tgz#19203fb59991df98e3a287050d4647cdeaf32499"

jss-plugin-camel-case@^10.0.3:
  version "10.0.4"
  resolved "https://registry.yarnpkg.com/jss-plugin-camel-case/-/jss-plugin-camel-case-10.0.4.tgz#3dedecec1e5bba0bf6141c2c05e2ab11ea4b468d"
  integrity sha512-+wnqxJsyfUnOn0LxVg3GgZBSjfBCrjxwx7LFxwVTUih0ceGaXKZoieheNOaTo5EM4w8bt1nbb8XonpQCj67C6A==
  dependencies:
    "@babel/runtime" "^7.3.1"
    hyphenate-style-name "^1.0.3"
    jss "10.0.4"

jss-plugin-default-unit@^10.0.3:
  version "10.0.4"
  resolved "https://registry.yarnpkg.com/jss-plugin-default-unit/-/jss-plugin-default-unit-10.0.4.tgz#df03885de20f20a1fc1c21bdb7c62e865ee400d9"
  integrity sha512-T0mhL/Ogp/quvod/jAHEqKvptLDxq7Cj3a+7zRuqK8HxUYkftptN89wJElZC3rshhNKiogkEYhCWenpJdFvTBg==
  dependencies:
    "@babel/runtime" "^7.3.1"
    jss "10.0.4"

jss-plugin-global@^10.0.3:
  version "10.0.4"
  resolved "https://registry.yarnpkg.com/jss-plugin-global/-/jss-plugin-global-10.0.4.tgz#412245b56133cc88bec654a70d82d5922619f4c5"
  integrity sha512-N8n9/GHENZce+sqE4UYiZiJtI+t+erT/BypHOrNYAfIoNEj7OYsOEKfIo2P0GpLB3QyDAYf5eo9XNdZ8veEkUA==
  dependencies:
    "@babel/runtime" "^7.3.1"
    jss "10.0.4"

jss-plugin-nested@^10.0.3:
  version "10.0.4"
  resolved "https://registry.yarnpkg.com/jss-plugin-nested/-/jss-plugin-nested-10.0.4.tgz#4d15ad13995fb6e4125618006473a096d2475d75"
  integrity sha512-QM21BKVt8LDeoRfowvAMh/s+/89VYrreIIE6ch4pvw0oAXDWw1iorUPlqLZ7uCO3UL0uFtQhJq3QMLN6Lr1v0A==
  dependencies:
    "@babel/runtime" "^7.3.1"
    jss "10.0.4"
    tiny-warning "^1.0.2"

jss-plugin-props-sort@^10.0.3:
  version "10.0.4"
  resolved "https://registry.yarnpkg.com/jss-plugin-props-sort/-/jss-plugin-props-sort-10.0.4.tgz#43c880ff8dfcf858f809f663ece5e65a1d945b5a"
  integrity sha512-WoETdOCjGskuin/OMt2uEdDPLZF3vfQuHXF+XUHGJrq0BAapoyGQDcv37SeReDlkRAbVXkEZPsIMvYrgHSHFiA==
  dependencies:
    "@babel/runtime" "^7.3.1"
    jss "10.0.4"

jss-plugin-rule-value-function@^10.0.3:
  version "10.0.4"
  resolved "https://registry.yarnpkg.com/jss-plugin-rule-value-function/-/jss-plugin-rule-value-function-10.0.4.tgz#2f4cf4a86ad3eba875bb48cb9f4a7ed35cb354e7"
  integrity sha512-0hrzOSWRF5ABJGaHrlnHbYZjU877Ofzfh2id3uLtBvemGQLHI+ldoL8/+6iPSRa7M8z8Ngfg2vfYhKjUA5gA0g==
  dependencies:
    "@babel/runtime" "^7.3.1"
    jss "10.0.4"

jss-plugin-vendor-prefixer@^10.0.3:
  version "10.0.4"
  resolved "https://registry.yarnpkg.com/jss-plugin-vendor-prefixer/-/jss-plugin-vendor-prefixer-10.0.4.tgz#1626ef612a4541cff17cf96815e1740155214ed2"
  integrity sha512-4JgEbcrdeMda1qvxTm1CnxFJAWVV++VLpP46HNTrfH7VhVlvUpihnUNs2gAlKuRT/XSBuiWeLAkrTqF4NVrPig==
  dependencies:
    "@babel/runtime" "^7.3.1"
    css-vendor "^2.0.7"
    jss "10.0.4"

jss@10.0.4, jss@^10.0.3:
  version "10.0.4"
  resolved "https://registry.yarnpkg.com/jss/-/jss-10.0.4.tgz#46ebdde1c40c9a079d64f3334cb88ae28fd90bfd"
  integrity sha512-GqHmeDK83qbqMAVjxyPfN1qJVTKZne533a9bdCrllZukUM8npG/k+JumEPI86IIB5ifaZAHG2HAsUziyxOiooQ==
  dependencies:
    "@babel/runtime" "^7.3.1"
    csstype "^2.6.5"
    is-in-browser "^1.1.3"
    tiny-warning "^1.0.2"

loose-envify@^1.4.0:
  version "1.4.0"
  resolved "https://registry.yarnpkg.com/loose-envify/-/loose-envify-1.4.0.tgz#71ee51fa7be4caec1a63839f7e682d8132d30caf"
  dependencies:
    js-tokens "^3.0.0 || ^4.0.0"

naming-style@^1.0.0:
  version "1.0.0"
  resolved "https://registry.yarnpkg.com/naming-style/-/naming-style-1.0.0.tgz#0b0299b9a5122c61c971461d435f16fddb9ecd3d"

object-assign@^4.1.1:
  version "4.1.1"
  resolved "https://registry.yarnpkg.com/object-assign/-/object-assign-4.1.1.tgz#2109adc7965887cfc05cbbd442cac8bfbb360863"

popper.js@^1.14.1:
  version "1.16.0"
  resolved "https://registry.yarnpkg.com/popper.js/-/popper.js-1.16.0.tgz#2e1816bcbbaa518ea6c2e15a466f4cb9c6e2fbb3"
  integrity sha512-+G+EkOPoE5S/zChTpmBSSDYmhXJ5PsW8eMhH8cP/CQHMFPBG/kC9Y5IIw6qNYgdJ+/COf0ddY2li28iHaZRSjw==

prop-types@^15.6.2, prop-types@^15.7.2:
  version "15.7.2"
  resolved "https://registry.yarnpkg.com/prop-types/-/prop-types-15.7.2.tgz#52c41e75b8c87e72b9d9360e0206b99dcbffa6c5"
  integrity sha512-8QQikdH7//R2vurIJSutZ1smHYTcLpRWEOlHnzcWHmBYrOGUysKwSsrC89BCiFj3CbrfJ/nXFdJepOVrY1GCHQ==
  dependencies:
    loose-envify "^1.4.0"
    object-assign "^4.1.1"
    react-is "^16.8.1"

react-is@^16.7.0, react-is@^16.8.1:
  version "16.11.0"
  resolved "https://registry.yarnpkg.com/react-is/-/react-is-16.11.0.tgz#b85dfecd48ad1ce469ff558a882ca8e8313928fa"
  integrity sha512-gbBVYR2p8mnriqAwWx9LbuUrShnAuSCNnuPGyc7GJrMVQtPDAh8iLpv7FRuMPFb56KkaVZIYSz1PrjI9q0QPCw==

react-is@^16.8.0:
  version "16.12.0"
  resolved "https://registry.yarnpkg.com/react-is/-/react-is-16.12.0.tgz#2cc0fe0fba742d97fd527c42a13bec4eeb06241c"
  integrity sha512-rPCkf/mWBtKc97aLL9/txD8DZdemK0vkA3JMLShjlJB3Pj3s+lpf1KaBzMfQrAmhMQB0n1cU/SUGgKKBCe837Q==

react-transition-group@^4.3.0:
  version "4.3.0"
  resolved "https://registry.yarnpkg.com/react-transition-group/-/react-transition-group-4.3.0.tgz#fea832e386cf8796c58b61874a3319704f5ce683"
  integrity sha512-1qRV1ZuVSdxPlPf4O8t7inxUGpdyO5zG9IoNfJxSO0ImU2A1YWkEQvFPuIPZmMLkg5hYs7vv5mMOyfgSkvAwvw==
  dependencies:
    "@babel/runtime" "^7.5.5"
    dom-helpers "^5.0.1"
    loose-envify "^1.4.0"
    prop-types "^15.6.2"

regenerator-runtime@^0.13.2:
  version "0.13.3"
  resolved "https://registry.yarnpkg.com/regenerator-runtime/-/regenerator-runtime-0.13.3.tgz#7cf6a77d8f5c6f60eb73c5fc1955b2ceb01e6bf5"
  integrity sha512-naKIZz2GQ8JWh///G7L3X6LaQUAMp2lvb1rvwwsURe/VXwD6VMfr+/1NuNw3ag8v2kY1aQ/go5SNn79O9JU7yw==

tiny-warning@^1.0.2:
  version "1.0.3"
  resolved "https://registry.yarnpkg.com/tiny-warning/-/tiny-warning-1.0.3.tgz#94a30db453df4c643d0fd566060d60a875d84754"
  integrity sha512-lBN9zLN/oAf68o3zNXYrdCt1kP8WsiGW8Oo2ka41b2IM5JL/S1CTyX1rW0mb/zSuJun0ZUrDxx4sqvYS2FWzPA==
