# THIS IS AN AUTOGENERATED FILE. DO NOT EDIT THIS FILE DIRECTLY.
# yarn lockfile v1


"@babel/runtime@^7.14.8", "@babel/runtime@^7.4.4", "@babel/runtime@^7.5.5", "@babel/runtime@^7.6.3":
  version "7.15.3"
  resolved "https://registry.yarnpkg.com/@babel/runtime/-/runtime-7.15.3.tgz#2e1c2880ca118e5b2f9988322bd8a7656a32502b"
  integrity sha512-OvwMLqNXkCXSz1kSm58sEsNuhqOx/fKpnUnKnFB5v8uDda5bLNEHNgKPvhDN6IU0LDcnHQ90LlJ0Q6jnyBSIBA==
  dependencies:
    regenerator-runtime "^0.13.4"

"@emotion/cache@^11.4.0":
  version "11.4.0"
  resolved "https://registry.yarnpkg.com/@emotion/cache/-/cache-11.4.0.tgz#293fc9d9a7a38b9aad8e9337e5014366c3b09ac0"
  integrity sha512-Zx70bjE7LErRO9OaZrhf22Qye1y4F7iDl+ITjet0J+i+B88PrAOBkKvaAWhxsZf72tDLajwCgfCjJ2dvH77C3g==
  dependencies:
    "@emotion/memoize" "^0.7.4"
    "@emotion/sheet" "^1.0.0"
    "@emotion/utils" "^1.0.0"
    "@emotion/weak-memoize" "^0.2.5"
    stylis "^4.0.3"

"@emotion/is-prop-valid@^1.1.0":
  version "1.1.0"
  resolved "https://registry.yarnpkg.com/@emotion/is-prop-valid/-/is-prop-valid-1.1.0.tgz#29ef6be1e946fb4739f9707def860f316f668cde"
  integrity sha512-9RkilvXAufQHsSsjQ3PIzSns+pxuX4EW8EbGeSPjZMHuMx6z/MOzb9LpqNieQX4F3mre3NWS2+X3JNRHTQztUQ==
  dependencies:
    "@emotion/memoize" "^0.7.4"

"@emotion/memoize@^0.7.4":
  version "0.7.5"
  resolved "https://registry.yarnpkg.com/@emotion/memoize/-/memoize-0.7.5.tgz#2c40f81449a4e554e9fc6396910ed4843ec2be50"
  integrity sha512-igX9a37DR2ZPGYtV6suZ6whr8pTFtyHL3K/oLUotxpSVO2ASaprmAe2Dkq7tBo7CRY7MMDrAa9nuQP9/YG8FxQ==

"@emotion/sheet@^1.0.0":
  version "1.0.2"
  resolved "https://registry.yarnpkg.com/@emotion/sheet/-/sheet-1.0.2.tgz#1d9ffde531714ba28e62dac6a996a8b1089719d0"
  integrity sha512-QQPB1B70JEVUHuNtzjHftMGv6eC3Y9wqavyarj4x4lg47RACkeSfNo5pxIOKizwS9AEFLohsqoaxGQj4p0vSIw==

"@emotion/utils@^1.0.0":
  version "1.0.0"
  resolved "https://registry.yarnpkg.com/@emotion/utils/-/utils-1.0.0.tgz#abe06a83160b10570816c913990245813a2fd6af"
  integrity sha512-mQC2b3XLDs6QCW+pDQDiyO/EdGZYOygE8s5N5rrzjSI4M3IejPE/JPndCBwRT9z982aqQNi6beWs1UeayrQxxA==

"@emotion/weak-memoize@^0.2.5":
  version "0.2.5"
  resolved "https://registry.yarnpkg.com/@emotion/weak-memoize/-/weak-memoize-0.2.5.tgz#8eed982e2ee6f7f4e44c253e12962980791efd46"
  integrity sha512-6U71C2Wp7r5XtFtQzYrW5iKFT67OixrSxjI4MptCHzdSVlgabczzqLe0ZSgnub/5Kp4hSbpDB1tMytZY9pwxxA==

"@material-ui/core@^5.0.0-beta.5":
  version "5.0.0-beta.5"
  resolved "https://registry.yarnpkg.com/@material-ui/core/-/core-5.0.0-beta.5.tgz#6ee717d4ec02b28d737fb4be42dbc3b345dccc7c"
  integrity sha512-ubRMdWJ+Maqvo0P13M+AThaHp5rBBIaURxoQ+Dx4/2Llrm1mepjINDL5PsABabqUbbNc6K+cmqgX4gwEFe7exw==
  dependencies:
    "@babel/runtime" "^7.14.8"
    "@material-ui/system" "5.0.0-beta.5"
    "@material-ui/types" "6.0.2"
    "@material-ui/unstyled" "5.0.0-alpha.44"
    "@material-ui/utils" "5.0.0-beta.5"
    "@popperjs/core" "^2.4.4"
    "@types/react-transition-group" "^4.2.0"
    clsx "^1.0.4"
    csstype "^3.0.2"
    hoist-non-react-statics "^3.3.2"
    prop-types "^15.7.2"
    react-is "^17.0.2"
    react-transition-group "^4.4.0"

"@material-ui/icons@^5.0.0-alpha.4":
  version "5.0.0-alpha.4"
  resolved "https://registry.yarnpkg.com/@material-ui/icons/-/icons-5.0.0-alpha.4.tgz#edaa333b9612f5a02669fcec6b4af1ab91c31402"
  integrity sha512-AE1nn/cYBNZ9FSihUMLb2c39HwdUpGXF3S1v7no68NtwOLjUorWshJJ/0i//cLgwvVEieRKI2XJpZjg6Ze/xNA==
  dependencies:
    "@babel/runtime" "^7.4.4"

"@material-ui/private-theming@5.0.0-beta.5":
  version "5.0.0-beta.5"
  resolved "https://registry.yarnpkg.com/@material-ui/private-theming/-/private-theming-5.0.0-beta.5.tgz#b8168bd15a609a78bf411e5afac2f38b513b5f18"
  integrity sha512-3J642OgHUAga6CYtzWRWG3d5FKG6NMTSxXSyk0Cc85iz/Zvl3n+x7g/MCeq8VjZULv10NzkySIXdNFQi8EKmYA==
  dependencies:
    "@babel/runtime" "^7.14.8"
    "@material-ui/utils" "5.0.0-beta.5"
    prop-types "^15.7.2"

"@material-ui/styled-engine@5.0.0-beta.5":
  version "5.0.0-beta.5"
  resolved "https://registry.yarnpkg.com/@material-ui/styled-engine/-/styled-engine-5.0.0-beta.5.tgz#d84244c6d69683d04afb419681062640071e801d"
  integrity sha512-tZiHu/GQYoME9Gj7BdIL+giQRt0ptuFIrr3Tm0fIbBB2fXYKzUKiJcggG6R5tjSXX5TUsipXpOIK3h5Kh5ZYtw==
  dependencies:
    "@babel/runtime" "^7.14.8"
    "@emotion/cache" "^11.4.0"
    prop-types "^15.7.2"

"@material-ui/system@5.0.0-beta.5":
  version "5.0.0-beta.5"
  resolved "https://registry.yarnpkg.com/@material-ui/system/-/system-5.0.0-beta.5.tgz#5f828cae175f3eaf0bf2b71f1c76d421b44ab5eb"
  integrity sha512-4l0u/66X68xeSVumk5TY3vFS/5xwEhE3z68iRVRt36KwMItlWPEZTHFq2YTJVuBbGH9eQJxOsKRWUmpfswukKQ==
  dependencies:
    "@babel/runtime" "^7.14.8"
    "@material-ui/private-theming" "5.0.0-beta.5"
    "@material-ui/styled-engine" "5.0.0-beta.5"
    "@material-ui/types" "6.0.2"
    "@material-ui/utils" "5.0.0-beta.5"
    clsx "^1.0.4"
    csstype "^3.0.2"
    prop-types "^15.7.2"

"@material-ui/types@6.0.2":
  version "6.0.2"
  resolved "https://registry.yarnpkg.com/@material-ui/types/-/types-6.0.2.tgz#a6d384196c6e2e130eb2765b62d944c0b1ea1015"
  integrity sha512-/XUca4wUb9pWimLLdM1PE8KS8rTbDEGohSGkGtk3WST7lm23m+8RYv9uOmrvOg/VSsl4bMiOv4t2/LCb+RLbTg==

"@material-ui/unstyled@5.0.0-alpha.44":
  version "5.0.0-alpha.44"
  resolved "https://registry.yarnpkg.com/@material-ui/unstyled/-/unstyled-5.0.0-alpha.44.tgz#bb6dff41ae73a18a4a349d0558d776284d542d89"
  integrity sha512-RNFs6CF+V/pdgxtN+hLA3/17CZ6uGEJit0qlvxb7CnSqMcN8dCen7jApnNDr3SMfZB6O0/B/sbnTQAOm1Cl3nQ==
  dependencies:
    "@babel/runtime" "^7.14.8"
    "@emotion/is-prop-valid" "^1.1.0"
    "@material-ui/utils" "5.0.0-beta.5"
    clsx "^1.0.4"
    prop-types "^15.7.2"
    react-is "^17.0.2"

"@material-ui/utils@5.0.0-beta.5", "@material-ui/utils@^5.0.0-alpha.1":
  version "5.0.0-beta.5"
  resolved "https://registry.yarnpkg.com/@material-ui/utils/-/utils-5.0.0-beta.5.tgz#de492037e1f1f0910fda32e6f11b66dfcde2a1c2"
  integrity sha512-wtJ3ovXWZdTAz5eLBqvMpYH/IBJb3qMQbGCyL1i00+sf7AUlAuv4QLx+QtX/siA6L7IpxUQVfqpoCpQH1eYRpQ==
  dependencies:
    "@babel/runtime" "^7.14.8"
    "@types/prop-types" "^15.7.4"
    "@types/react-is" "^16.7.1 || ^17.0.0"
    prop-types "^15.7.2"
    react-is "^17.0.2"

"@popperjs/core@^2.4.4":
  version "2.9.3"
  resolved "https://registry.yarnpkg.com/@popperjs/core/-/core-2.9.3.tgz#8b68da1ebd7fc603999cf6ebee34a4899a14b88e"
  integrity sha512-xDu17cEfh7Kid/d95kB6tZsLOmSWKCZKtprnhVepjsSaCij+lM3mItSJDuuHDMbCWTh8Ejmebwb+KONcCJ0eXQ==

"@types/prop-types@*", "@types/prop-types@^15.7.4":
  version "15.7.4"
  resolved "https://registry.yarnpkg.com/@types/prop-types/-/prop-types-15.7.4.tgz#fcf7205c25dff795ee79af1e30da2c9790808f11"
  integrity sha512-rZ5drC/jWjrArrS8BR6SIr4cWpW09RNTYt9AMZo3Jwwif+iacXAqgVjm0B0Bv/S1jhDXKHqRVNCbACkJ89RAnQ==

"@types/react-is@^16.7.1 || ^17.0.0":
  version "17.0.2"
  resolved "https://registry.yarnpkg.com/@types/react-is/-/react-is-17.0.2.tgz#abc4d910bff5b0bc6b3e1bec57575f6b63fd4e05"
  integrity sha512-2+L0ilcAEG8udkDnvx8B0upwXFBbNnVwOsSCTxW3SDOkmar9NyEeLG0ZLa3uOEw9zyYf/fQapcnfXAVmDKlyHw==
  dependencies:
    "@types/react" "*"

"@types/react-transition-group@^4.2.0":
  version "4.2.3"
  resolved "https://registry.yarnpkg.com/@types/react-transition-group/-/react-transition-group-4.2.3.tgz#4924133f7268694058e415bf7aea2d4c21131470"
  integrity sha512-Hk8jiuT7iLOHrcjKP/ZVSyCNXK73wJAUz60xm0mVhiRujrdiI++j4duLiL282VGxwAgxetHQFfqA29LgEeSkFA==
  dependencies:
    "@types/react" "*"

"@types/react@*":
  version "16.9.43"
  resolved "https://registry.yarnpkg.com/@types/react/-/react-16.9.43.tgz#c287f23f6189666ee3bebc2eb8d0f84bcb6cdb6b"
  integrity sha512-PxshAFcnJqIWYpJbLPriClH53Z2WlJcVZE+NP2etUtWQs2s7yIMj3/LDKZT/5CHJ/F62iyjVCDu2H3jHEXIxSg==
  dependencies:
    "@types/prop-types" "*"
    csstype "^2.2.0"

clsx@^1.0.4:
  version "1.1.1"
  resolved "https://registry.yarnpkg.com/clsx/-/clsx-1.1.1.tgz#98b3134f9abbdf23b2663491ace13c5c03a73188"
  integrity sha512-6/bPho624p3S2pMyvP5kKBPXnI3ufHLObBFCfgx+LkeR5lg2XYy2hqZqUf45ypD8COn2bhgGJSUE+l5dhNBieA==

csstype@^2.2.0, csstype@^2.6.7:
  version "2.6.7"
  resolved "https://registry.yarnpkg.com/csstype/-/csstype-2.6.7.tgz#20b0024c20b6718f4eda3853a1f5a1cce7f5e4a5"
  integrity sha512-9Mcn9sFbGBAdmimWb2gLVDtFJzeKtDGIr76TUqmjZrw9LFXBMSU70lcs+C0/7fyCd6iBDqmksUcCOUIkisPHsQ==

csstype@^3.0.2:
  version "3.0.8"
  resolved "https://registry.yarnpkg.com/csstype/-/csstype-3.0.8.tgz#d2266a792729fb227cd216fb572f43728e1ad340"
  integrity sha512-jXKhWqXPmlUeoQnF/EhTtTl4C9SnrxSH/jZUih3jmO6lBKr99rP3/+FmrMj4EFpOXzMtXHAZkd3x0E6h6Fgflw==

dom-helpers@^5.0.1:
  version "5.1.3"
  resolved "https://registry.yarnpkg.com/dom-helpers/-/dom-helpers-5.1.3.tgz#7233248eb3a2d1f74aafca31e52c5299cc8ce821"
  integrity sha512-nZD1OtwfWGRBWlpANxacBEZrEuLa16o1nh7YopFWeoF68Zt8GGEmzHu6Xv4F3XaFIC+YXtTLrzgqKxFgLEe4jw==
  dependencies:
    "@babel/runtime" "^7.6.3"
    csstype "^2.6.7"

hoist-non-react-statics@^3.3.2:
  version "3.3.2"
  resolved "https://registry.yarnpkg.com/hoist-non-react-statics/-/hoist-non-react-statics-3.3.2.tgz#ece0acaf71d62c2969c2ec59feff42a4b1a85b45"
  integrity sha512-/gGivxi8JPKWNm/W0jSmzcMPpfpPLc3dY/6GxhX2hQ9iGj3aDfklV4ET7NjKpSinLpJ5vafa9iiGIEZg10SfBw==
  dependencies:
    react-is "^16.7.0"

"js-tokens@^3.0.0 || ^4.0.0":
  version "4.0.0"
  resolved "https://registry.yarnpkg.com/js-tokens/-/js-tokens-4.0.0.tgz#19203fb59991df98e3a287050d4647cdeaf32499"

lodash@^4.17.21:
  version "4.17.21"
  resolved "https://registry.yarnpkg.com/lodash/-/lodash-4.17.21.tgz#679591c564c3bffaae8454cf0b3df370c3d6911c"
  integrity sha512-v2kDEe57lecTulaDIuNTPy3Ry4gLGJ6Z1O3vE1krgXZNrsQ+LFTGHVxVjcXPs17LhbZVGedAJv8XZ1tvj5FvSg==

loose-envify@^1.4.0:
  version "1.4.0"
  resolved "https://registry.yarnpkg.com/loose-envify/-/loose-envify-1.4.0.tgz#71ee51fa7be4caec1a63839f7e682d8132d30caf"
  dependencies:
    js-tokens "^3.0.0 || ^4.0.0"

object-assign@^4.1.1:
  version "4.1.1"
  resolved "https://registry.yarnpkg.com/object-assign/-/object-assign-4.1.1.tgz#2109adc7965887cfc05cbbd442cac8bfbb360863"

prop-types@^15.6.2, prop-types@^15.7.2:
  version "15.7.2"
  resolved "https://registry.yarnpkg.com/prop-types/-/prop-types-15.7.2.tgz#52c41e75b8c87e72b9d9360e0206b99dcbffa6c5"
  integrity sha512-8QQikdH7//R2vurIJSutZ1smHYTcLpRWEOlHnzcWHmBYrOGUysKwSsrC89BCiFj3CbrfJ/nXFdJepOVrY1GCHQ==
  dependencies:
    loose-envify "^1.4.0"
    object-assign "^4.1.1"
    react-is "^16.8.1"

react-is@^16.7.0, react-is@^16.8.1:
  version "16.12.0"
  resolved "https://registry.yarnpkg.com/react-is/-/react-is-16.12.0.tgz#2cc0fe0fba742d97fd527c42a13bec4eeb06241c"
  integrity sha512-rPCkf/mWBtKc97aLL9/txD8DZdemK0vkA3JMLShjlJB3Pj3s+lpf1KaBzMfQrAmhMQB0n1cU/SUGgKKBCe837Q==

react-is@^17.0.2:
  version "17.0.2"
  resolved "https://registry.yarnpkg.com/react-is/-/react-is-17.0.2.tgz#e691d4a8e9c789365655539ab372762b0efb54f0"
  integrity sha512-w2GsyukL62IJnlaff/nRegPQR94C/XXamvMWmSHRJ4y7Ts/4ocGRmTHvOs8PSE6pB3dWOrD/nueuU5sduBsQ4w==

react-transition-group@^4.4.0:
  version "4.4.1"
  resolved "https://registry.yarnpkg.com/react-transition-group/-/react-transition-group-4.4.1.tgz#63868f9325a38ea5ee9535d828327f85773345c9"
  integrity sha512-Djqr7OQ2aPUiYurhPalTrVy9ddmFCCzwhqQmtN+J3+3DzLO209Fdr70QrN8Z3DsglWql6iY1lDWAfpFiBtuKGw==
  dependencies:
    "@babel/runtime" "^7.5.5"
    dom-helpers "^5.0.1"
    loose-envify "^1.4.0"
    prop-types "^15.6.2"

regenerator-runtime@^0.13.4:
  version "0.13.9"
  resolved "https://registry.yarnpkg.com/regenerator-runtime/-/regenerator-runtime-0.13.9.tgz#8925742a98ffd90814988d7566ad30ca3b263b52"
  integrity sha512-p3VT+cOEgxFsRRA9X4lkI1E+k2/CtnKtU4gcxyaCUreilL/vqI6CdZ3wxVUx3UOUg+gnUOQQcRI7BmSI656MYA==

stylis@^4.0.3:
  version "4.0.10"
  resolved "https://registry.yarnpkg.com/stylis/-/stylis-4.0.10.tgz#446512d1097197ab3f02fb3c258358c3f7a14240"
  integrity sha512-m3k+dk7QeJw660eIKRRn3xPF6uuvHs/FFzjX3HQ5ove0qYsiygoAhwn5a3IYKaZPo5LrYD0rfVmtv1gNY1uYwg==
