# THIS IS AN AUTOGENERATED FILE. DO NOT EDIT THIS FILE DIRECTLY.
# yarn lockfile v1


case@1.6.2:
  version "1.6.2"
  resolved "https://registry.yarnpkg.com/case/-/case-1.6.2.tgz#2ea68af6956752cd69c349c8b3e6bc860d1cba95"
  integrity sha512-ll380ZRoraT7mUK2G92UbH+FJVD5AwdVIAYk9xhV1tauh0carDgYByUD1HhjCWsWgxrfQvCeHvtfj7IYR6TKeg==
